// !$*UTF8*$!
{
	archiveVersion = 1;
	classes = {
	};
	objectVersion = 77;
	objects = {

/* Begin PBXBuildFile section */
		2FF37516EE86783D38578FA2 /* ProfileSetupView.swift in Sources */ = {isa = PBXBuildFile; fileRef = 2C994F283632BFDCE4B285A7 /* ProfileSetupView.swift */; };
		3DA204DB6FB44A7CF5D5C7F2 /* ContentView.swift in Sources */ = {isa = PBXBuildFile; fileRef = 836F3A9BB222295284A40EE5 /* ContentView.swift */; };
		43E5D53AAB1AC53D556AF45D /* AuthService.swift in Sources */ = {isa = PBXBuildFile; fileRef = 322B0AE1FDC350BE1B5B43A0 /* AuthService.swift */; };
		5075EC7222A359FF62083E76 /* SplitExpenseView.swift in Sources */ = {isa = PBXBuildFile; fileRef = A6B7BBA5BD18AD79788CC025 /* SplitExpenseView.swift */; };
		56C113A3BE44CDEB2B395248 /* SettingsView.swift in Sources */ = {isa = PBXBuildFile; fileRef = 79BF3C5CB0F44B1E8C1F4B7F /* SettingsView.swift */; };
		5CCE63893BBCB2E778FE3BBF /* Models.swift in Sources */ = {isa = PBXBuildFile; fileRef = 96B50E591E59BCFEE1BFC3D4 /* Models.swift */; };
		6231E0C0E4FB0C733950C521 /* PersonDetailView.swift in Sources */ = {isa = PBXBuildFile; fileRef = 6CA582198EDF37B7FC9C0BBF /* PersonDetailView.swift */; };
		6871400EB133118DBB06A071 /* MigrationService.swift in Sources */ = {isa = PBXBuildFile; fileRef = 71501276EE2D63AE77CA3806 /* MigrationService.swift */; };
		6F98E1284F544E7F686CA1B2 /* GoogleService-Info.plist in Resources */ = {isa = PBXBuildFile; fileRef = 04A9A95734E58170DD6951DF /* GoogleService-Info.plist */; };
		74601C154D27B82A954C7F93 /* DashboardView.swift in Sources */ = {isa = PBXBuildFile; fileRef = EA12A25BD0B1951EB5A3F547 /* DashboardView.swift */; };
		8358DF52BB407B45A8027CD9 /* AdditionalInfo.plist in Resources */ = {isa = PBXBuildFile; fileRef = 27EE2808191C044B6BE74A2B /* AdditionalInfo.plist */; };
		8B7299E32699A5F7D2BB66D8 /* CloudModels.swift in Sources */ = {isa = PBXBuildFile; fileRef = 76850F5DE2A4E8AC033614F4 /* CloudModels.swift */; };
		8CF50E21777FE9BD76E82BC3 /* HistoryView.swift in Sources */ = {isa = PBXBuildFile; fileRef = 884F3AF177E13A62708E22C4 /* HistoryView.swift */; };
		993A95D81AA5B9DF0A706C81 /* LendBorrowView.swift in Sources */ = {isa = PBXBuildFile; fileRef = A9A2ACB4CCFCFAF821D7D6C8 /* LendBorrowView.swift */; };
		A1ED2FA03FF5650554419CB4 /* QRScannerView.swift in Sources */ = {isa = PBXBuildFile; fileRef = 735D56DAB0F87B6320C23002 /* QRScannerView.swift */; };
		B35D96C86D71BAC06B3B7AFE /* CategoryDetailView.swift in Sources */ = {isa = PBXBuildFile; fileRef = 9B674D7B1629C6B6B7663DE0 /* CategoryDetailView.swift */; };
		C59CBB66A7C52F35113C6BC9 /* MoneyManagerApp.swift in Sources */ = {isa = PBXBuildFile; fileRef = 14EC9769C85DA8F8ECFE2803 /* MoneyManagerApp.swift */; };
		CD2DD389B9EC2B68D2AB107E /* Assets.xcassets in Resources */ = {isa = PBXBuildFile; fileRef = F8728879F691A08BC1649561 /* Assets.xcassets */; };
		DC119580BF98CFC3E5D37DD3 /* Theme.swift in Sources */ = {isa = PBXBuildFile; fileRef = E7C428B0E3CE8EA3A4CF18CD /* Theme.swift */; };
		E2FB9C35A51D71B3AADAFB63 /* AnalyticsView.swift in Sources */ = {isa = PBXBuildFile; fileRef = C555460308FD0A40854754C3 /* AnalyticsView.swift */; };
		EDFB1C27769C78B8D74F026B /* PaymentView.swift in Sources */ = {isa = PBXBuildFile; fileRef = 6FE13772A3B94682C5D4B340 /* PaymentView.swift */; };
		EFDFCEE74DC3CCD87565A178 /* LoginView.swift in Sources */ = {isa = PBXBuildFile; fileRef = 0782B8D30568E70B5F49BF86 /* LoginView.swift */; };
		F316E22B5ED387CDCB34EAC3 /* FirebaseAuth in Frameworks */ = {isa = PBXBuildFile; productRef = 3B12BB289486C5DB49578FBD /* FirebaseAuth */; };
		F4793B6EE64545B9B0F52520 /* ContactPickerView.swift in Sources */ = {isa = PBXBuildFile; fileRef = D49B0366EC866802B0AFB124 /* ContactPickerView.swift */; };
		F66434C1CA3177C6332E054B /* FirebaseStorage in Frameworks */ = {isa = PBXBuildFile; productRef = F2C05F8E0AEBD0EC2029A76C /* FirebaseStorage */; };
		F9F65E8CD9D064E6E424C6EB /* FirebaseFirestore in Frameworks */ = {isa = PBXBuildFile; productRef = CABF923489583299C62C8F72 /* FirebaseFirestore */; };
		FCD449776DBB09B18B00A1F4 /* CloudDataStore.swift in Sources */ = {isa = PBXBuildFile; fileRef = 06FE0C5E26F1138D96C6A5A8 /* CloudDataStore.swift */; };
/* End PBXBuildFile section */

/* Begin PBXFileReference section */
		04A9A95734E58170DD6951DF /* GoogleService-Info.plist */ = {isa = PBXFileReference; lastKnownFileType = text.plist; path = "GoogleService-Info.plist"; sourceTree = "<group>"; };
		06FE0C5E26F1138D96C6A5A8 /* CloudDataStore.swift */ = {isa = PBXFileReference; lastKnownFileType = sourcecode.swift; path = CloudDataStore.swift; sourceTree = "<group>"; };
		0782B8D30568E70B5F49BF86 /* LoginView.swift */ = {isa = PBXFileReference; lastKnownFileType = sourcecode.swift; path = LoginView.swift; sourceTree = "<group>"; };
		14EC9769C85DA8F8ECFE2803 /* MoneyManagerApp.swift */ = {isa = PBXFileReference; lastKnownFileType = sourcecode.swift; path = MoneyManagerApp.swift; sourceTree = "<group>"; };
		27EE2808191C044B6BE74A2B /* AdditionalInfo.plist */ = {isa = PBXFileReference; lastKnownFileType = text.plist; path = AdditionalInfo.plist; sourceTree = "<group>"; };
		2C994F283632BFDCE4B285A7 /* ProfileSetupView.swift */ = {isa = PBXFileReference; lastKnownFileType = sourcecode.swift; path = ProfileSetupView.swift; sourceTree = "<group>"; };
		322B0AE1FDC350BE1B5B43A0 /* AuthService.swift */ = {isa = PBXFileReference; lastKnownFileType = sourcecode.swift; path = AuthService.swift; sourceTree = "<group>"; };
		6CA582198EDF37B7FC9C0BBF /* PersonDetailView.swift */ = {isa = PBXFileReference; lastKnownFileType = sourcecode.swift; path = PersonDetailView.swift; sourceTree = "<group>"; };
		6FE13772A3B94682C5D4B340 /* PaymentView.swift */ = {isa = PBXFileReference; lastKnownFileType = sourcecode.swift; path = PaymentView.swift; sourceTree = "<group>"; };
		71501276EE2D63AE77CA3806 /* MigrationService.swift */ = {isa = PBXFileReference; lastKnownFileType = sourcecode.swift; path = MigrationService.swift; sourceTree = "<group>"; };
		735D56DAB0F87B6320C23002 /* QRScannerView.swift */ = {isa = PBXFileReference; lastKnownFileType = sourcecode.swift; path = QRScannerView.swift; sourceTree = "<group>"; };
		76850F5DE2A4E8AC033614F4 /* CloudModels.swift */ = {isa = PBXFileReference; lastKnownFileType = sourcecode.swift; path = CloudModels.swift; sourceTree = "<group>"; };
		79BF3C5CB0F44B1E8C1F4B7F /* SettingsView.swift */ = {isa = PBXFileReference; lastKnownFileType = sourcecode.swift; path = SettingsView.swift; sourceTree = "<group>"; };
		836F3A9BB222295284A40EE5 /* ContentView.swift */ = {isa = PBXFileReference; lastKnownFileType = sourcecode.swift; path = ContentView.swift; sourceTree = "<group>"; };
		884F3AF177E13A62708E22C4 /* HistoryView.swift */ = {isa = PBXFileReference; lastKnownFileType = sourcecode.swift; path = HistoryView.swift; sourceTree = "<group>"; };
		96B50E591E59BCFEE1BFC3D4 /* Models.swift */ = {isa = PBXFileReference; lastKnownFileType = sourcecode.swift; path = Models.swift; sourceTree = "<group>"; };
		9B674D7B1629C6B6B7663DE0 /* CategoryDetailView.swift */ = {isa = PBXFileReference; lastKnownFileType = sourcecode.swift; path = CategoryDetailView.swift; sourceTree = "<group>"; };
		A6B7BBA5BD18AD79788CC025 /* SplitExpenseView.swift */ = {isa = PBXFileReference; lastKnownFileType = sourcecode.swift; path = SplitExpenseView.swift; sourceTree = "<group>"; };
		A9A2ACB4CCFCFAF821D7D6C8 /* LendBorrowView.swift */ = {isa = PBXFileReference; lastKnownFileType = sourcecode.swift; path = LendBorrowView.swift; sourceTree = "<group>"; };
		C555460308FD0A40854754C3 /* AnalyticsView.swift */ = {isa = PBXFileReference; lastKnownFileType = sourcecode.swift; path = AnalyticsView.swift; sourceTree = "<group>"; };
		D3AD0545F2DB4B15E1E160D0 /* MoneyManager.app */ = {isa = PBXFileReference; explicitFileType = wrapper.application; includeInIndex = 0; path = MoneyManager.app; sourceTree = BUILT_PRODUCTS_DIR; };
		D49B0366EC866802B0AFB124 /* ContactPickerView.swift */ = {isa = PBXFileReference; lastKnownFileType = sourcecode.swift; path = ContactPickerView.swift; sourceTree = "<group>"; };
		E7C428B0E3CE8EA3A4CF18CD /* Theme.swift */ = {isa = PBXFileReference; lastKnownFileType = sourcecode.swift; path = Theme.swift; sourceTree = "<group>"; };
		EA12A25BD0B1951EB5A3F547 /* DashboardView.swift */ = {isa = PBXFileReference; lastKnownFileType = sourcecode.swift; path = DashboardView.swift; sourceTree = "<group>"; };
		F8728879F691A08BC1649561 /* Assets.xcassets */ = {isa = PBXFileReference; lastKnownFileType = folder.assetcatalog; path = Assets.xcassets; sourceTree = "<group>"; };
/* End PBXFileReference section */

/* Begin PBXFrameworksBuildPhase section */
		6F9AD87370D25C3EAF3BA3BA /* Frameworks */ = {
			isa = PBXFrameworksBuildPhase;
			buildActionMask = 2147483647;
			files = (
				F316E22B5ED387CDCB34EAC3 /* FirebaseAuth in Frameworks */,
				F9F65E8CD9D064E6E424C6EB /* FirebaseFirestore in Frameworks */,
				F66434C1CA3177C6332E054B /* FirebaseStorage in Frameworks */,
			);
			runOnlyForDeploymentPostprocessing = 0;
		};
/* End PBXFrameworksBuildPhase section */

/* Begin PBXGroup section */
		1137AD2659291AA67BDE996B = {
			isa = PBXGroup;
			children = (
				AC2E1D740BD74F188F4ED0F3 /* Sources */,
				5E06FD11688B491327CF6AA6 /* Products */,
			);
			sourceTree = "<group>";
		};
		5E06FD11688B491327CF6AA6 /* Products */ = {
			isa = PBXGroup;
			children = (
				D3AD0545F2DB4B15E1E160D0 /* MoneyManager.app */,
			);
			name = Products;
			sourceTree = "<group>";
		};
		AC2E1D740BD74F188F4ED0F3 /* Sources */ = {
			isa = PBXGroup;
			children = (
				27EE2808191C044B6BE74A2B /* AdditionalInfo.plist */,
				C555460308FD0A40854754C3 /* AnalyticsView.swift */,
				F8728879F691A08BC1649561 /* Assets.xcassets */,
				322B0AE1FDC350BE1B5B43A0 /* AuthService.swift */,
				9B674D7B1629C6B6B7663DE0 /* CategoryDetailView.swift */,
				06FE0C5E26F1138D96C6A5A8 /* CloudDataStore.swift */,
				76850F5DE2A4E8AC033614F4 /* CloudModels.swift */,
				D49B0366EC866802B0AFB124 /* ContactPickerView.swift */,
				836F3A9BB222295284A40EE5 /* ContentView.swift */,
				EA12A25BD0B1951EB5A3F547 /* DashboardView.swift */,
				04A9A95734E58170DD6951DF /* GoogleService-Info.plist */,
				884F3AF177E13A62708E22C4 /* HistoryView.swift */,
				A9A2ACB4CCFCFAF821D7D6C8 /* LendBorrowView.swift */,
				0782B8D30568E70B5F49BF86 /* LoginView.swift */,
				71501276EE2D63AE77CA3806 /* MigrationService.swift */,
				96B50E591E59BCFEE1BFC3D4 /* Models.swift */,
				14EC9769C85DA8F8ECFE2803 /* MoneyManagerApp.swift */,
				6FE13772A3B94682C5D4B340 /* PaymentView.swift */,
				6CA582198EDF37B7FC9C0BBF /* PersonDetailView.swift */,
				2C994F283632BFDCE4B285A7 /* ProfileSetupView.swift */,
				735D56DAB0F87B6320C23002 /* QRScannerView.swift */,
				79BF3C5CB0F44B1E8C1F4B7F /* SettingsView.swift */,
				A6B7BBA5BD18AD79788CC025 /* SplitExpenseView.swift */,
				E7C428B0E3CE8EA3A4CF18CD /* Theme.swift */,
			);
			path = Sources;
			sourceTree = "<group>";
		};
/* End PBXGroup section */

/* Begin PBXNativeTarget section */
		911D7A089F9AC62B06D2DD28 /* MoneyManager */ = {
			isa = PBXNativeTarget;
			buildConfigurationList = 60B2B640E9C3638F532C3140 /* Build configuration list for PBXNativeTarget "MoneyManager" */;
			buildPhases = (
				DA3BE4EE7B40DE5916A779C8 /* Sources */,
				D5DBAFA817219EFFE85EA692 /* Resources */,
				6F9AD87370D25C3EAF3BA3BA /* Frameworks */,
			);
			buildRules = (
			);
			dependencies = (
			);
			name = MoneyManager;
			packageProductDependencies = (
				3B12BB289486C5DB49578FBD /* FirebaseAuth */,
				CABF923489583299C62C8F72 /* FirebaseFirestore */,
				F2C05F8E0AEBD0EC2029A76C /* FirebaseStorage */,
			);
			productName = MoneyManager;
			productReference = D3AD0545F2DB4B15E1E160D0 /* MoneyManager.app */;
			productType = "com.apple.product-type.application";
		};
/* End PBXNativeTarget section */

/* Begin PBXProject section */
		08B2D55128817955F24DB960 /* Project object */ = {
			isa = PBXProject;
			attributes = {
				BuildIndependentTargetsInParallel = YES;
				LastUpgradeCheck = 1430;
				TargetAttributes = {
					911D7A089F9AC62B06D2DD28 = {
						ProvisioningStyle = Automatic;
					};
				};
			};
			buildConfigurationList = 60975D8FE78F56666E81F6C1 /* Build configuration list for PBXProject "MoneyManager" */;
			developmentRegion = en;
			hasScannedForEncodings = 0;
			knownRegions = (
				Base,
				en,
			);
			mainGroup = 1137AD2659291AA67BDE996B;
			minimizedProjectReferenceProxies = 1;
			packageReferences = (
				064B011E87509770B9D7A9F8 /* XCRemoteSwiftPackageReference "firebase-ios-sdk" */,
			);
			preferredProjectObjectVersion = 77;
			productRefGroup = 5E06FD11688B491327CF6AA6 /* Products */;
			projectDirPath = "";
			projectRoot = "";
			targets = (
				911D7A089F9AC62B06D2DD28 /* MoneyManager */,
			);
		};
/* End PBXProject section */

/* Begin PBXResourcesBuildPhase section */
		D5DBAFA817219EFFE85EA692 /* Resources */ = {
			isa = PBXResourcesBuildPhase;
			buildActionMask = 2147483647;
			files = (
				8358DF52BB407B45A8027CD9 /* AdditionalInfo.plist in Resources */,
				CD2DD389B9EC2B68D2AB107E /* Assets.xcassets in Resources */,
				6F98E1284F544E7F686CA1B2 /* GoogleService-Info.plist in Resources */,
			);
			runOnlyForDeploymentPostprocessing = 0;
		};
/* End PBXResourcesBuildPhase section */

/* Begin PBXSourcesBuildPhase section */
		DA3BE4EE7B40DE5916A779C8 /* Sources */ = {
			isa = PBXSourcesBuildPhase;
			buildActionMask = 2147483647;
			files = (
				E2FB9C35A51D71B3AADAFB63 /* AnalyticsView.swift in Sources */,
				43E5D53AAB1AC53D556AF45D /* AuthService.swift in Sources */,
				B35D96C86D71BAC06B3B7AFE /* CategoryDetailView.swift in Sources */,
				FCD449776DBB09B18B00A1F4 /* CloudDataStore.swift in Sources */,
				8B7299E32699A5F7D2BB66D8 /* CloudModels.swift in Sources */,
				F4793B6EE64545B9B0F52520 /* ContactPickerView.swift in Sources */,
				3DA204DB6FB44A7CF5D5C7F2 /* ContentView.swift in Sources */,
				74601C154D27B82A954C7F93 /* DashboardView.swift in Sources */,
				8CF50E21777FE9BD76E82BC3 /* HistoryView.swift in Sources */,
				993A95D81AA5B9DF0A706C81 /* LendBorrowView.swift in Sources */,
				EFDFCEE74DC3CCD87565A178 /* LoginView.swift in Sources */,
				6871400EB133118DBB06A071 /* MigrationService.swift in Sources */,
				5CCE63893BBCB2E778FE3BBF /* Models.swift in Sources */,
				C59CBB66A7C52F35113C6BC9 /* MoneyManagerApp.swift in Sources */,
				EDFB1C27769C78B8D74F026B /* PaymentView.swift in Sources */,
				6231E0C0E4FB0C733950C521 /* PersonDetailView.swift in Sources */,
				2FF37516EE86783D38578FA2 /* ProfileSetupView.swift in Sources */,
				A1ED2FA03FF5650554419CB4 /* QRScannerView.swift in Sources */,
				56C113A3BE44CDEB2B395248 /* SettingsView.swift in Sources */,
				5075EC7222A359FF62083E76 /* SplitExpenseView.swift in Sources */,
				DC119580BF98CFC3E5D37DD3 /* Theme.swift in Sources */,
			);
			runOnlyForDeploymentPostprocessing = 0;
		};
/* End PBXSourcesBuildPhase section */

/* Begin XCBuildConfiguration section */
		36AC5DC4F28F1B5519CB5E83 /* Release */ = {
			isa = XCBuildConfiguration;
			buildSettings = {
				ASSETCATALOG_COMPILER_APPICON_NAME = AppIcon;
				CODE_SIGN_IDENTITY = "iPhone Developer";
				CODE_SIGN_STYLE = Automatic;
				CURRENT_PROJECT_VERSION = 1;
				DEVELOPMENT_TEAM = 5366HDN475;
				ENABLE_PREVIEWS = YES;
				GENERATE_INFOPLIST_FILE = YES;
				INFOPLIST_KEY_CFBundleDisplayName = MoneyManager;
				INFOPLIST_KEY_NSCameraUsageDescription = "Scan UPI QR codes to auto-fill recipient details";
				INFOPLIST_KEY_NSPhotoLibraryUsageDescription = "Choose a profile picture or upload a QR code";
				INFOPLIST_KEY_UIApplicationSupportsIndirectInputEvents = YES;
				INFOPLIST_KEY_UILaunchStoryboardName = "";
				"INFOPLIST_KEY_UISupportedInterfaceOrientations_~iphone" = UIInterfaceOrientationPortrait;
				INFOPLIST_PREPROCESS = YES;
				IPHONEOS_DEPLOYMENT_TARGET = 16.0;
				LD_RUNPATH_SEARCH_PATHS = (
					"$(inherited)",
					"@executable_path/Frameworks",
				);
				MARKETING_VERSION = 1.0;
				PRODUCT_BUNDLE_IDENTIFIER = com.karankumar.moneymanagerjlyqdx;
				PRODUCT_NAME = MoneyManager;
				SDKROOT = iphoneos;
				SWIFT_VERSION = 5.9;
				TARGETED_DEVICE_FAMILY = 1;
			};
			name = Release;
		};
		3CF29D1A7D82D2E98F325FEC /* Debug */ = {
			isa = XCBuildConfiguration;
			buildSettings = {
				ALWAYS_SEARCH_USER_PATHS = NO;
				CLANG_ANALYZER_NONNULL = YES;
				CLANG_ANALYZER_NUMBER_OBJECT_CONVERSION = YES_AGGRESSIVE;
				CLANG_CXX_LANGUAGE_STANDARD = "gnu++14";
				CLANG_CXX_LIBRARY = "libc++";
				CLANG_ENABLE_MODULES = YES;
				CLANG_ENABLE_OBJC_ARC = YES;
				CLANG_ENABLE_OBJC_WEAK = YES;
				CLANG_WARN_BLOCK_CAPTURE_AUTORELEASING = YES;
				CLANG_WARN_BOOL_CONVERSION = YES;
				CLANG_WARN_COMMA = YES;
				CLANG_WARN_CONSTANT_CONVERSION = YES;
				CLANG_WARN_DEPRECATED_OBJC_IMPLEMENTATIONS = YES;
				CLANG_WARN_DIRECT_OBJC_ISA_USAGE = YES_ERROR;
				CLANG_WARN_DOCUMENTATION_COMMENTS = YES;
				CLANG_WARN_EMPTY_BODY = YES;
				CLANG_WARN_ENUM_CONVERSION = YES;
				CLANG_WARN_INFINITE_RECURSION = YES;
				CLANG_WARN_INT_CONVERSION = YES;
				CLANG_WARN_NON_LITERAL_NULL_CONVERSION = YES;
				CLANG_WARN_OBJC_IMPLICIT_RETAIN_SELF = YES;
				CLANG_WARN_OBJC_LITERAL_CONVERSION = YES;
				CLANG_WARN_OBJC_ROOT_CLASS = YES_ERROR;
				CLANG_WARN_QUOTED_INCLUDE_IN_FRAMEWORK_HEADER = YES;
				CLANG_WARN_RANGE_LOOP_ANALYSIS = YES;
				CLANG_WARN_STRICT_PROTOTYPES = YES;
				CLANG_WARN_SUSPICIOUS_MOVE = YES;
				CLANG_WARN_UNGUARDED_AVAILABILITY = YES_AGGRESSIVE;
				CLANG_WARN_UNREACHABLE_CODE = YES;
				CLANG_WARN__DUPLICATE_METHOD_MATCH = YES;
				COPY_PHASE_STRIP = NO;
				DEBUG_INFORMATION_FORMAT = dwarf;
				ENABLE_STRICT_OBJC_MSGSEND = YES;
				ENABLE_TESTABILITY = YES;
				GCC_C_LANGUAGE_STANDARD = gnu11;
				GCC_DYNAMIC_NO_PIC = NO;
				GCC_NO_COMMON_BLOCKS = YES;
				GCC_OPTIMIZATION_LEVEL = 0;
				GCC_PREPROCESSOR_DEFINITIONS = (
					"$(inherited)",
					"DEBUG=1",
				);
				GCC_WARN_64_TO_32_BIT_CONVERSION = YES;
				GCC_WARN_ABOUT_RETURN_TYPE = YES_ERROR;
				GCC_WARN_UNDECLARED_SELECTOR = YES;
				GCC_WARN_UNINITIALIZED_AUTOS = YES_AGGRESSIVE;
				GCC_WARN_UNUSED_FUNCTION = YES;
				GCC_WARN_UNUSED_VARIABLE = YES;
				IPHONEOS_DEPLOYMENT_TARGET = 16.0;
				MTL_ENABLE_DEBUG_INFO = INCLUDE_SOURCE;
				MTL_FAST_MATH = YES;
				ONLY_ACTIVE_ARCH = YES;
				PRODUCT_NAME = "$(TARGET_NAME)";
				SDKROOT = iphoneos;
				SWIFT_ACTIVE_COMPILATION_CONDITIONS = DEBUG;
				SWIFT_OPTIMIZATION_LEVEL = "-Onone";
				SWIFT_VERSION = 5.0;
			};
			name = Debug;
		};
		629711407BDF8E5BE3D3140E /* Debug */ = {
			isa = XCBuildConfiguration;
			buildSettings = {
				ASSETCATALOG_COMPILER_APPICON_NAME = AppIcon;
				CODE_SIGN_IDENTITY = "iPhone Developer";
				CODE_SIGN_STYLE = Automatic;
				CURRENT_PROJECT_VERSION = 1;
				DEVELOPMENT_TEAM = 5366HDN475;
				ENABLE_PREVIEWS = YES;
				GENERATE_INFOPLIST_FILE = YES;
				INFOPLIST_KEY_CFBundleDisplayName = MoneyManager;
				INFOPLIST_KEY_NSCameraUsageDescription = "Scan UPI QR codes to auto-fill recipient details";
				INFOPLIST_KEY_NSPhotoLibraryUsageDescription = "Choose a profile picture or upload a QR code";
				INFOPLIST_KEY_UIApplicationSupportsIndirectInputEvents = YES;
				INFOPLIST_KEY_UILaunchStoryboardName = "";
				"INFOPLIST_KEY_UISupportedInterfaceOrientations_~iphone" = UIInterfaceOrientationPortrait;
				INFOPLIST_PREPROCESS = YES;
				IPHONEOS_DEPLOYMENT_TARGET = 16.0;
				LD_RUNPATH_SEARCH_PATHS = (
					"$(inherited)",
					"@executable_path/Frameworks",
				);
				MARKETING_VERSION = 1.0;
				PRODUCT_BUNDLE_IDENTIFIER = com.karankumar.moneymanagerjlyqdx;
				PRODUCT_NAME = MoneyManager;
				SDKROOT = iphoneos;
				SWIFT_VERSION = 5.9;
				TARGETED_DEVICE_FAMILY = 1;
			};
			name = Debug;
		};
		D887273E1838B5829C45E06C /* Release */ = {
			isa = XCBuildConfiguration;
			buildSettings = {
				ALWAYS_SEARCH_USER_PATHS = NO;
				CLANG_ANALYZER_NONNULL = YES;
				CLANG_ANALYZER_NUMBER_OBJECT_CONVERSION = YES_AGGRESSIVE;
				CLANG_CXX_LANGUAGE_STANDARD = "gnu++14";
				CLANG_CXX_LIBRARY = "libc++";
				CLANG_ENABLE_MODULES = YES;
				CLANG_ENABLE_OBJC_ARC = YES;
				CLANG_ENABLE_OBJC_WEAK = YES;
				CLANG_WARN_BLOCK_CAPTURE_AUTORELEASING = YES;
				CLANG_WARN_BOOL_CONVERSION = YES;
				CLANG_WARN_COMMA = YES;
				CLANG_WARN_CONSTANT_CONVERSION = YES;
				CLANG_WARN_DEPRECATED_OBJC_IMPLEMENTATIONS = YES;
				CLANG_WARN_DIRECT_OBJC_ISA_USAGE = YES_ERROR;
				CLANG_WARN_DOCUMENTATION_COMMENTS = YES;
				CLANG_WARN_EMPTY_BODY = YES;
				CLANG_WARN_ENUM_CONVERSION = YES;
				CLANG_WARN_INFINITE_RECURSION = YES;
				CLANG_WARN_INT_CONVERSION = YES;
				CLANG_WARN_NON_LITERAL_NULL_CONVERSION = YES;
				CLANG_WARN_OBJC_IMPLICIT_RETAIN_SELF = YES;
				CLANG_WARN_OBJC_LITERAL_CONVERSION = YES;
				CLANG_WARN_OBJC_ROOT_CLASS = YES_ERROR;
				CLANG_WARN_QUOTED_INCLUDE_IN_FRAMEWORK_HEADER = YES;
				CLANG_WARN_RANGE_LOOP_ANALYSIS = YES;
				CLANG_WARN_STRICT_PROTOTYPES = YES;
				CLANG_WARN_SUSPICIOUS_MOVE = YES;
				CLANG_WARN_UNGUARDED_AVAILABILITY = YES_AGGRESSIVE;
				CLANG_WARN_UNREACHABLE_CODE = YES;
				CLANG_WARN__DUPLICATE_METHOD_MATCH = YES;
				COPY_PHASE_STRIP = NO;
				DEBUG_INFORMATION_FORMAT = "dwarf-with-dsym";
				ENABLE_NS_ASSERTIONS = NO;
				ENABLE_STRICT_OBJC_MSGSEND = YES;
				GCC_C_LANGUAGE_STANDARD = gnu11;
				GCC_NO_COMMON_BLOCKS = YES;
				GCC_WARN_64_TO_32_BIT_CONVERSION = YES;
				GCC_WARN_ABOUT_RETURN_TYPE = YES_ERROR;
				GCC_WARN_UNDECLARED_SELECTOR = YES;
				GCC_WARN_UNINITIALIZED_AUTOS = YES_AGGRESSIVE;
				GCC_WARN_UNUSED_FUNCTION = YES;
				GCC_WARN_UNUSED_VARIABLE = YES;
				IPHONEOS_DEPLOYMENT_TARGET = 16.0;
				MTL_ENABLE_DEBUG_INFO = NO;
				MTL_FAST_MATH = YES;
				PRODUCT_NAME = "$(TARGET_NAME)";
				SDKROOT = iphoneos;
				SWIFT_COMPILATION_MODE = wholemodule;
				SWIFT_OPTIMIZATION_LEVEL = "-O";
				SWIFT_VERSION = 5.0;
			};
			name = Release;
		};
/* End XCBuildConfiguration section */

/* Begin XCConfigurationList section */
		60975D8FE78F56666E81F6C1 /* Build configuration list for PBXProject "MoneyManager" */ = {
			isa = XCConfigurationList;
			buildConfigurations = (
				3CF29D1A7D82D2E98F325FEC /* Debug */,
				D887273E1838B5829C45E06C /* Release */,
			);
			defaultConfigurationIsVisible = 0;
			defaultConfigurationName = Debug;
		};
		60B2B640E9C3638F532C3140 /* Build configuration list for PBXNativeTarget "MoneyManager" */ = {
			isa = XCConfigurationList;
			buildConfigurations = (
				629711407BDF8E5BE3D3140E /* Debug */,
				36AC5DC4F28F1B5519CB5E83 /* Release */,
			);
			defaultConfigurationIsVisible = 0;
			defaultConfigurationName = Debug;
		};
/* End XCConfigurationList section */

/* Begin XCRemoteSwiftPackageReference section */
		064B011E87509770B9D7A9F8 /* XCRemoteSwiftPackageReference "firebase-ios-sdk" */ = {
			isa = XCRemoteSwiftPackageReference;
			repositoryURL = "https://github.com/firebase/firebase-ios-sdk";
			requirement = {
				kind = upToNextMajorVersion;
				minimumVersion = 11.0.0;
			};
		};
/* End XCRemoteSwiftPackageReference section */

/* Begin XCSwiftPackageProductDependency section */
		3B12BB289486C5DB49578FBD /* FirebaseAuth */ = {
			isa = XCSwiftPackageProductDependency;
			package = 064B011E87509770B9D7A9F8 /* XCRemoteSwiftPackageReference "firebase-ios-sdk" */;
			productName = FirebaseAuth;
		};
		CABF923489583299C62C8F72 /* FirebaseFirestore */ = {
			isa = XCSwiftPackageProductDependency;
			package = 064B011E87509770B9D7A9F8 /* XCRemoteSwiftPackageReference "firebase-ios-sdk" */;
			productName = FirebaseFirestore;
		};
		F2C05F8E0AEBD0EC2029A76C /* FirebaseStorage */ = {
			isa = XCSwiftPackageProductDependency;
			package = 064B011E87509770B9D7A9F8 /* XCRemoteSwiftPackageReference "firebase-ios-sdk" */;
			productName = FirebaseStorage;
		};
/* End XCSwiftPackageProductDependency section */
	};
	rootObject = 08B2D55128817955F24DB960 /* Project object */;
}
